
Microsoft Visual Studio Solution File, Format Version 12.00
# Visual Studio 15
VisualStudioVersion = 15.0.27428.2037
MinimumVisualStudioVersion = 10.0.40219.1
Project("{9092AA53-FB77-4645-B42D-1CCCA6BD08BD}") = "my-node-notifier", "my-node-notifier\my-node-notifier.njsproj", "{6C582EEC-82F7-46CA-8568-11457CA8EBEE}"
EndProject
Global
	GlobalSection(SolutionConfigurationPlatforms) = preSolution
		Debug|Any CPU = Debug|Any CPU
		Release|Any CPU = Release|Any CPU
	EndGlobalSection
	GlobalSection(ProjectConfigurationPlatforms) = postSolution
		{6C582EEC-82F7-46CA-8568-11457CA8EBEE}.Debug|Any CPU.ActiveCfg = Debug|Any CPU
		{6C582EEC-82F7-46CA-8568-11457CA8EBEE}.Debug|Any CPU.Build.0 = Debug|Any CPU
		{6C582EEC-82F7-46CA-8568-11457CA8EBEE}.Release|Any CPU.ActiveCfg = Release|Any CPU
		{6C582EEC-82F7-46CA-8568-11457CA8EBEE}.Release|Any CPU.Build.0 = Release|Any CPU
	EndGlobalSection
	GlobalSection(SolutionProperties) = preSolution
		HideSolutionNode = FALSE
	EndGlobalSection
	GlobalSection(ExtensibilityGlobals) = postSolution
		SolutionGuid = {CF0F5500-AE7C-421E-B402-66FB0DBD2FBD}
	EndGlobalSection
EndGlobal
